
Microsoft Visual Studio Solution File, Format Version 12.00
# Visual Studio Version 17
VisualStudioVersion = 17.0.32002.185
MinimumVisualStudioVersion = 10.0.40219.1
Project("{FAE04EC0-301F-11D3-BF4B-00C04F79EFBC}") = "ViolatingSRP", "ViolatingSRP.csproj", "{4C795221-7FDE-4D26-B61A-BAF18074F8FF}"
EndProject
Global
	GlobalSection(SolutionConfigurationPlatforms) = preSolution
		Debug|Any CPU = Debug|Any CPU
		Release|Any CPU = Release|Any CPU
	EndGlobalSection
	GlobalSection(ProjectConfigurationPlatforms) = postSolution
		{4C795221-7FDE-4D26-B61A-BAF18074F8FF}.Debug|Any CPU.ActiveCfg = Debug|Any CPU
		{4C795221-7FDE-4D26-B61A-BAF18074F8FF}.Debug|Any CPU.Build.0 = Debug|Any CPU
		{4C795221-7FDE-4D26-B61A-BAF18074F8FF}.Release|Any CPU.ActiveCfg = Release|Any CPU
		{4C795221-7FDE-4D26-B61A-BAF18074F8FF}.Release|Any CPU.Build.0 = Release|Any CPU
	EndGlobalSection
	GlobalSection(SolutionProperties) = preSolution
		HideSolutionNode = FALSE
	EndGlobalSection
	GlobalSection(ExtensibilityGlobals) = postSolution
		SolutionGuid = {C9C38252-2477-4405-AD46-55B24B9CB3E6}
	EndGlobalSection
EndGlobal
