
Microsoft Visual Studio Solution File, Format Version 12.00
# Visual Studio Version 17
VisualStudioVersion = 17.0.32002.185
MinimumVisualStudioVersion = 10.0.40219.1
Project("{FAE04EC0-301F-11D3-BF4B-00C04F79EFBC}") = "LiskowSubstitution", "LiskowSubstitution.csproj", "{50BBE970-5D58-434E-A08F-7ED51B27C711}"
EndProject
Global
	GlobalSection(SolutionConfigurationPlatforms) = preSolution
		Debug|Any CPU = Debug|Any CPU
		Release|Any CPU = Release|Any CPU
	EndGlobalSection
	GlobalSection(ProjectConfigurationPlatforms) = postSolution
		{50BBE970-5D58-434E-A08F-7ED51B27C711}.Debug|Any CPU.ActiveCfg = Debug|Any CPU
		{50BBE970-5D58-434E-A08F-7ED51B27C711}.Debug|Any CPU.Build.0 = Debug|Any CPU
		{50BBE970-5D58-434E-A08F-7ED51B27C711}.Release|Any CPU.ActiveCfg = Release|Any CPU
		{50BBE970-5D58-434E-A08F-7ED51B27C711}.Release|Any CPU.Build.0 = Release|Any CPU
	EndGlobalSection
	GlobalSection(SolutionProperties) = preSolution
		HideSolutionNode = FALSE
	EndGlobalSection
	GlobalSection(ExtensibilityGlobals) = postSolution
		SolutionGuid = {004162D0-4E5E-425E-AE4F-F2EEE469B76F}
	EndGlobalSection
EndGlobal
