
Microsoft Visual Studio Solution File, Format Version 12.00
# Visual Studio Version 17
VisualStudioVersion = 17.0.32002.185
MinimumVisualStudioVersion = 10.0.40219.1
Project("{FAE04EC0-301F-11D3-BF4B-00C04F79EFBC}") = "SRPImplemented", "SRPImplemented.csproj", "{26AA34EE-66D7-4BAF-89D6-300F1075D419}"
EndProject
Global
	GlobalSection(SolutionConfigurationPlatforms) = preSolution
		Debug|Any CPU = Debug|Any CPU
		Release|Any CPU = Release|Any CPU
	EndGlobalSection
	GlobalSection(ProjectConfigurationPlatforms) = postSolution
		{26AA34EE-66D7-4BAF-89D6-300F1075D419}.Debug|Any CPU.ActiveCfg = Debug|Any CPU
		{26AA34EE-66D7-4BAF-89D6-300F1075D419}.Debug|Any CPU.Build.0 = Debug|Any CPU
		{26AA34EE-66D7-4BAF-89D6-300F1075D419}.Release|Any CPU.ActiveCfg = Release|Any CPU
		{26AA34EE-66D7-4BAF-89D6-300F1075D419}.Release|Any CPU.Build.0 = Release|Any CPU
	EndGlobalSection
	GlobalSection(SolutionProperties) = preSolution
		HideSolutionNode = FALSE
	EndGlobalSection
	GlobalSection(ExtensibilityGlobals) = postSolution
		SolutionGuid = {3BD52B1A-9637-4CA2-8828-1CE1E59BAB9A}
	EndGlobalSection
EndGlobal
